
Microsoft Visual Studio Solution File, Format Version 12.00
# Visual Studio Version 17
VisualStudioVersion = 17.10.35013.160
MinimumVisualStudioVersion = 10.0.40219.1
Project("{FAE04EC0-301F-11D3-BF4B-00C04F79EFBC}") = "DiContainer", "DIContainer\DiContainer.csproj", "{EB2EE6C3-4E2A-4020-8B91-95247B66A9EA}"
EndProject
Project("{FAE04EC0-301F-11D3-BF4B-00C04F79EFBC}") = "DiTests", "DiTests\DiTests.csproj", "{80D87C5C-2F86-41A1-ADBE-47A2509549DE}"
EndProject
Global
	GlobalSection(SolutionConfigurationPlatforms) = preSolution
		Debug|Any CPU = Debug|Any CPU
		Release|Any CPU = Release|Any CPU
	EndGlobalSection
	GlobalSection(ProjectConfigurationPlatforms) = postSolution
		{EB2EE6C3-4E2A-4020-8B91-95247B66A9EA}.Debug|Any CPU.ActiveCfg = Debug|Any CPU
		{EB2EE6C3-4E2A-4020-8B91-95247B66A9EA}.Debug|Any CPU.Build.0 = Debug|Any CPU
		{EB2EE6C3-4E2A-4020-8B91-95247B66A9EA}.Release|Any CPU.ActiveCfg = Release|Any CPU
		{EB2EE6C3-4E2A-4020-8B91-95247B66A9EA}.Release|Any CPU.Build.0 = Release|Any CPU
		{80D87C5C-2F86-41A1-ADBE-47A2509549DE}.Debug|Any CPU.ActiveCfg = Debug|Any CPU
		{80D87C5C-2F86-41A1-ADBE-47A2509549DE}.Debug|Any CPU.Build.0 = Debug|Any CPU
		{80D87C5C-2F86-41A1-ADBE-47A2509549DE}.Release|Any CPU.ActiveCfg = Release|Any CPU
		{80D87C5C-2F86-41A1-ADBE-47A2509549DE}.Release|Any CPU.Build.0 = Release|Any CPU
	EndGlobalSection
	GlobalSection(SolutionProperties) = preSolution
		HideSolutionNode = FALSE
	EndGlobalSection
	GlobalSection(ExtensibilityGlobals) = postSolution
		SolutionGuid = {06E2A723-8275-46C6-B048-8D73513745D9}
	EndGlobalSection
EndGlobal
